
Microsoft Visual Studio Solution File, Format Version 12.00
# Visual Studio 2013
VisualStudioVersion = 12.0.30110.0
MinimumVisualStudioVersion = 10.0.40219.1
Project("{FAE04EC0-301F-11D3-BF4B-00C04F79EFBC}") = "Missive", "Missive\Missive.csproj", "{8FCC65E0-E3B9-4253-A4A5-56F565B8D685}"
EndProject
Project("{FAE04EC0-301F-11D3-BF4B-00C04F79EFBC}") = "Missive.Tests", "Missive.Tests\Missive.Tests.csproj", "{55A0D4C0-FBFC-46C8-AC5C-08915B7F810F}"
EndProject
Project("{FAE04EC0-301F-11D3-BF4B-00C04F79EFBC}") = "Missive.Templates.Simple", "Missive.Templates.Simple\Missive.Templates.Simple.csproj", "{416C49A0-3D82-4E18-B1E4-4966064B287F}"
EndProject
Project("{FAE04EC0-301F-11D3-BF4B-00C04F79EFBC}") = "Missive.Templates.Razor", "Missive.Templates.Razor\Missive.Templates.Razor.csproj", "{6E9C5FC6-6071-479A-825C-55FF2B01F643}"
EndProject
Project("{FAE04EC0-301F-11D3-BF4B-00C04F79EFBC}") = "Missive.Templates.Razor.Tests", "Missive.Templates.Razor.Tests\Missive.Templates.Razor.Tests.csproj", "{81F45734-6A4E-405E-AFB0-421E38C6B451}"
EndProject
Global
	GlobalSection(SolutionConfigurationPlatforms) = preSolution
		Debug|Any CPU = Debug|Any CPU
		Release|Any CPU = Release|Any CPU
	EndGlobalSection
	GlobalSection(ProjectConfigurationPlatforms) = postSolution
		{8FCC65E0-E3B9-4253-A4A5-56F565B8D685}.Debug|Any CPU.ActiveCfg = Debug|Any CPU
		{8FCC65E0-E3B9-4253-A4A5-56F565B8D685}.Debug|Any CPU.Build.0 = Debug|Any CPU
		{8FCC65E0-E3B9-4253-A4A5-56F565B8D685}.Release|Any CPU.ActiveCfg = Release|Any CPU
		{8FCC65E0-E3B9-4253-A4A5-56F565B8D685}.Release|Any CPU.Build.0 = Release|Any CPU
		{55A0D4C0-FBFC-46C8-AC5C-08915B7F810F}.Debug|Any CPU.ActiveCfg = Debug|Any CPU
		{55A0D4C0-FBFC-46C8-AC5C-08915B7F810F}.Debug|Any CPU.Build.0 = Debug|Any CPU
		{55A0D4C0-FBFC-46C8-AC5C-08915B7F810F}.Release|Any CPU.ActiveCfg = Release|Any CPU
		{55A0D4C0-FBFC-46C8-AC5C-08915B7F810F}.Release|Any CPU.Build.0 = Release|Any CPU
		{416C49A0-3D82-4E18-B1E4-4966064B287F}.Debug|Any CPU.ActiveCfg = Debug|Any CPU
		{416C49A0-3D82-4E18-B1E4-4966064B287F}.Debug|Any CPU.Build.0 = Debug|Any CPU
		{416C49A0-3D82-4E18-B1E4-4966064B287F}.Release|Any CPU.ActiveCfg = Release|Any CPU
		{416C49A0-3D82-4E18-B1E4-4966064B287F}.Release|Any CPU.Build.0 = Release|Any CPU
		{6E9C5FC6-6071-479A-825C-55FF2B01F643}.Debug|Any CPU.ActiveCfg = Debug|Any CPU
		{6E9C5FC6-6071-479A-825C-55FF2B01F643}.Debug|Any CPU.Build.0 = Debug|Any CPU
		{6E9C5FC6-6071-479A-825C-55FF2B01F643}.Release|Any CPU.ActiveCfg = Release|Any CPU
		{6E9C5FC6-6071-479A-825C-55FF2B01F643}.Release|Any CPU.Build.0 = Release|Any CPU
		{81F45734-6A4E-405E-AFB0-421E38C6B451}.Debug|Any CPU.ActiveCfg = Debug|Any CPU
		{81F45734-6A4E-405E-AFB0-421E38C6B451}.Debug|Any CPU.Build.0 = Debug|Any CPU
		{81F45734-6A4E-405E-AFB0-421E38C6B451}.Release|Any CPU.ActiveCfg = Release|Any CPU
		{81F45734-6A4E-405E-AFB0-421E38C6B451}.Release|Any CPU.Build.0 = Release|Any CPU
	EndGlobalSection
	GlobalSection(SolutionProperties) = preSolution
		HideSolutionNode = FALSE
	EndGlobalSection
EndGlobal
